
Microsoft Visual Studio Solution File, Format Version 12.00
# Visual Studio Version 17
VisualStudioVersion = 17.1.32210.238
MinimumVisualStudioVersion = 10.0.40219.1
Project("{FAE04EC0-301F-11D3-BF4B-00C04F79EFBC}") = "GreenPlan", "GoldBadgeFinal\GreenPlan.csproj", "{35235619-B281-4AFC-967D-C5D3F05BD765}"
EndProject
Project("{FAE04EC0-301F-11D3-BF4B-00C04F79EFBC}") = "Cafe", "KomodoCafe\Cafe.csproj", "{9990B87F-7FCC-45F8-960A-19F6AF8C7510}"
EndProject
Project("{FAE04EC0-301F-11D3-BF4B-00C04F79EFBC}") = "CafeTest", "CafeTest\CafeTest.csproj", "{C6666C73-0286-46A0-B1B1-CBCE5440A0DD}"
EndProject
Global
	GlobalSection(SolutionConfigurationPlatforms) = preSolution
		Debug|Any CPU = Debug|Any CPU
		Release|Any CPU = Release|Any CPU
	EndGlobalSection
	GlobalSection(ProjectConfigurationPlatforms) = postSolution
		{35235619-B281-4AFC-967D-C5D3F05BD765}.Debug|Any CPU.ActiveCfg = Debug|Any CPU
		{35235619-B281-4AFC-967D-C5D3F05BD765}.Debug|Any CPU.Build.0 = Debug|Any CPU
		{35235619-B281-4AFC-967D-C5D3F05BD765}.Release|Any CPU.ActiveCfg = Release|Any CPU
		{35235619-B281-4AFC-967D-C5D3F05BD765}.Release|Any CPU.Build.0 = Release|Any CPU
		{9990B87F-7FCC-45F8-960A-19F6AF8C7510}.Debug|Any CPU.ActiveCfg = Debug|Any CPU
		{9990B87F-7FCC-45F8-960A-19F6AF8C7510}.Debug|Any CPU.Build.0 = Debug|Any CPU
		{9990B87F-7FCC-45F8-960A-19F6AF8C7510}.Release|Any CPU.ActiveCfg = Release|Any CPU
		{9990B87F-7FCC-45F8-960A-19F6AF8C7510}.Release|Any CPU.Build.0 = Release|Any CPU
		{C6666C73-0286-46A0-B1B1-CBCE5440A0DD}.Debug|Any CPU.ActiveCfg = Debug|Any CPU
		{C6666C73-0286-46A0-B1B1-CBCE5440A0DD}.Debug|Any CPU.Build.0 = Debug|Any CPU
		{C6666C73-0286-46A0-B1B1-CBCE5440A0DD}.Release|Any CPU.ActiveCfg = Release|Any CPU
		{C6666C73-0286-46A0-B1B1-CBCE5440A0DD}.Release|Any CPU.Build.0 = Release|Any CPU
	EndGlobalSection
	GlobalSection(SolutionProperties) = preSolution
		HideSolutionNode = FALSE
	EndGlobalSection
	GlobalSection(ExtensibilityGlobals) = postSolution
		SolutionGuid = {F317FCDB-BAA3-452A-ABDB-46385396E1BA}
	EndGlobalSection
EndGlobal
